// !$*UTF8*$!
{
	archiveVersion = 1;
	classes = {
	};
	objectVersion = 50;
	objects = {

/* Begin PBXBuildFile section */
		9FC0E7C824F573A3005ADE7F /* AppDelegate.swift in Sources */ = {isa = PBXBuildFile; fileRef = 9FC0E7C724F573A3005ADE7F /* AppDelegate.swift */; };
		9FC0E7CA24F573A3005ADE7F /* SceneDelegate.swift in Sources */ = {isa = PBXBuildFile; fileRef = 9FC0E7C924F573A3005ADE7F /* SceneDelegate.swift */; };
		9FC0E7CC24F573A3005ADE7F /* ViewController.swift in Sources */ = {isa = PBXBuildFile; fileRef = 9FC0E7CB24F573A3005ADE7F /* ViewController.swift */; };
		9FC0E7CF24F573A3005ADE7F /* Main.storyboard in Resources */ = {isa = PBXBuildFile; fileRef = 9FC0E7CD24F573A3005ADE7F /* Main.storyboard */; };
		9FC0E7D124F573A4005ADE7F /* Assets.xcassets in Resources */ = {isa = PBXBuildFile; fileRef = 9FC0E7D024F573A4005ADE7F /* Assets.xcassets */; };
		9FC0E7D424F573A4005ADE7F /* LaunchScreen.storyboard in Resources */ = {isa = PBXBuildFile; fileRef = 9FC0E7D224F573A4005ADE7F /* LaunchScreen.storyboard */; };
/* End PBXBuildFile section */

/* Begin PBXFileReference section */
		9FC0E7C424F573A3005ADE7F /* SlideshowApp.app */ = {isa = PBXFileReference; explicitFileType = wrapper.application; includeInIndex = 0; path = SlideshowApp.app; sourceTree = BUILT_PRODUCTS_DIR; };
		9FC0E7C724F573A3005ADE7F /* AppDelegate.swift */ = {isa = PBXFileReference; lastKnownFileType = sourcecode.swift; path = AppDelegate.swift; sourceTree = "<group>"; };
		9FC0E7C924F573A3005ADE7F /* SceneDelegate.swift */ = {isa = PBXFileReference; lastKnownFileType = sourcecode.swift; path = SceneDelegate.swift; sourceTree = "<group>"; };
		9FC0E7CB24F573A3005ADE7F /* ViewController.swift */ = {isa = PBXFileReference; lastKnownFileType = sourcecode.swift; path = ViewController.swift; sourceTree = "<group>"; };
		9FC0E7CE24F573A3005ADE7F /* Base */ = {isa = PBXFileReference; lastKnownFileType = file.storyboard; name = Base; path = Base.lproj/Main.storyboard; sourceTree = "<group>"; };
		9FC0E7D024F573A4005ADE7F /* Assets.xcassets */ = {isa = PBXFileReference; lastKnownFileType = folder.assetcatalog; path = Assets.xcassets; sourceTree = "<group>"; };
		9FC0E7D324F573A4005ADE7F /* Base */ = {isa = PBXFileReference; lastKnownFileType = file.storyboard; name = Base; path = Base.lproj/LaunchScreen.storyboard; sourceTree = "<group>"; };
		9FC0E7D524F573A4005ADE7F /* Info.plist */ = {isa = PBXFileReference; lastKnownFileType = text.plist.xml; path = Info.plist; sourceTree = "<group>"; };
/* End PBXFileReference section */

/* Begin PBXFrameworksBuildPhase section */
		9FC0E7C124F573A3005ADE7F /* Frameworks */ = {
			isa = PBXFrameworksBuildPhase;
			buildActionMask = 2147483647;
			files = (
			);
			runOnlyForDeploymentPostprocessing = 0;
		};
/* End PBXFrameworksBuildPhase section */

/* Begin PBXGroup section */
		9FC0E7BB24F573A3005ADE7F = {
			isa = PBXGroup;
			children = (
				9FC0E7C624F573A3005ADE7F /* SlideshowApp */,
				9FC0E7C524F573A3005ADE7F /* Products */,
			);
			sourceTree = "<group>";
		};
		9FC0E7C524F573A3005ADE7F /* Products */ = {
			isa = PBXGroup;
			children = (
				9FC0E7C424F573A3005ADE7F /* SlideshowApp.app */,
			);
			name = Products;
			sourceTree = "<group>";
		};
		9FC0E7C624F573A3005ADE7F /* SlideshowApp */ = {
			isa = PBXGroup;
			children = (
				9FC0E7C724F573A3005ADE7F /* AppDelegate.swift */,
				9FC0E7C924F573A3005ADE7F /* SceneDelegate.swift */,
				9FC0E7CB24F573A3005ADE7F /* ViewController.swift */,
				9FC0E7CD24F573A3005ADE7F /* Main.storyboard */,
				9FC0E7D024F573A4005ADE7F /* Assets.xcassets */,
				9FC0E7D224F573A4005ADE7F /* LaunchScreen.storyboard */,
				9FC0E7D524F573A4005ADE7F /* Info.plist */,
			);
			path = SlideshowApp;
			sourceTree = "<group>";
		};
/* End PBXGroup section */

/* Begin PBXNativeTarget section */
		9FC0E7C324F573A3005ADE7F /* SlideshowApp */ = {
			isa = PBXNativeTarget;
			buildConfigurationList = 9FC0E7D824F573A4005ADE7F /* Build configuration list for PBXNativeTarget "SlideshowApp" */;
			buildPhases = (
				9FC0E7C024F573A3005ADE7F /* Sources */,
				9FC0E7C124F573A3005ADE7F /* Frameworks */,
				9FC0E7C224F573A3005ADE7F /* Resources */,
			);
			buildRules = (
			);
			dependencies = (
			);
			name = SlideshowApp;
			productName = SlideshowApp;
			productReference = 9FC0E7C424F573A3005ADE7F /* SlideshowApp.app */;
			productType = "com.apple.product-type.application";
		};
/* End PBXNativeTarget section */

/* Begin PBXProject section */
		9FC0E7BC24F573A3005ADE7F /* Project object */ = {
			isa = PBXProject;
			attributes = {
				LastSwiftUpdateCheck = 1150;
				LastUpgradeCheck = 1150;
				ORGANIZATIONNAME = Yuki.Hosomi;
				TargetAttributes = {
					9FC0E7C324F573A3005ADE7F = {
						CreatedOnToolsVersion = 11.5;
					};
				};
			};
			buildConfigurationList = 9FC0E7BF24F573A3005ADE7F /* Build configuration list for PBXProject "SlideshowApp" */;
			compatibilityVersion = "Xcode 9.3";
			developmentRegion = en;
			hasScannedForEncodings = 0;
			knownRegions = (
				en,
				Base,
			);
			mainGroup = 9FC0E7BB24F573A3005ADE7F;
			productRefGroup = 9FC0E7C524F573A3005ADE7F /* Products */;
			projectDirPath = "";
			projectRoot = "";
			targets = (
				9FC0E7C324F573A3005ADE7F /* SlideshowApp */,
			);
		};
/* End PBXProject section */

/* Begin PBXResourcesBuildPhase section */
		9FC0E7C224F573A3005ADE7F /* Resources */ = {
			isa = PBXResourcesBuildPhase;
			buildActionMask = 2147483647;
			files = (
				9FC0E7D424F573A4005ADE7F /* LaunchScreen.storyboard in Resources */,
				9FC0E7D124F573A4005ADE7F /* Assets.xcassets in Resources */,
				9FC0E7CF24F573A3005ADE7F /* Main.storyboard in Resources */,
			);
			runOnlyForDeploymentPostprocessing = 0;
		};
/* End PBXResourcesBuildPhase section */

/* Begin PBXSourcesBuildPhase section */
		9FC0E7C024F573A3005ADE7F /* Sources */ = {
			isa = PBXSourcesBuildPhase;
			buildActionMask = 2147483647;
			files = (
				9FC0E7CC24F573A3005ADE7F /* ViewController.swift in Sources */,
				9FC0E7C824F573A3005ADE7F /* AppDelegate.swift in Sources */,
				9FC0E7CA24F573A3005ADE7F /* SceneDelegate.swift in Sources */,
			);
			runOnlyForDeploymentPostprocessing = 0;
		};
/* End PBXSourcesBuildPhase section */

/* Begin PBXVariantGroup section */
		9FC0E7CD24F573A3005ADE7F /* Main.storyboard */ = {
			isa = PBXVariantGroup;
			children = (
				9FC0E7CE24F573A3005ADE7F /* Base */,
			);
			name = Main.storyboard;
			sourceTree = "<group>";
		};
		9FC0E7D224F573A4005ADE7F /* LaunchScreen.storyboard */ = {
			isa = PBXVariantGroup;
			children = (
				9FC0E7D324F573A4005ADE7F /* Base */,
			);
			name = LaunchScreen.storyboard;
			sourceTree = "<group>";
		};
/* End PBXVariantGroup section */

/* Begin XCBuildConfiguration section */
		9FC0E7D624F573A4005ADE7F /* Debug */ = {
			isa = XCBuildConfiguration;
			buildSettings = {
				ALWAYS_SEARCH_USER_PATHS = NO;
				CLANG_ANALYZER_NONNULL = YES;
				CLANG_ANALYZER_NUMBER_OBJECT_CONVERSION = YES_AGGRESSIVE;
				CLANG_CXX_LANGUAGE_STANDARD = "gnu++14";
				CLANG_CXX_LIBRARY = "libc++";
				CLANG_ENABLE_MODULES = YES;
				CLANG_ENABLE_OBJC_ARC = YES;
				CLANG_ENABLE_OBJC_WEAK = YES;
				CLANG_WARN_BLOCK_CAPTURE_AUTORELEASING = YES;
				CLANG_WARN_BOOL_CONVERSION = YES;
				CLANG_WARN_COMMA = YES;
				CLANG_WARN_CONSTANT_CONVERSION = YES;
				CLANG_WARN_DEPRECATED_OBJC_IMPLEMENTATIONS = YES;
				CLANG_WARN_DIRECT_OBJC_ISA_USAGE = YES_ERROR;
				CLANG_WARN_DOCUMENTATION_COMMENTS = YES;
				CLANG_WARN_EMPTY_BODY = YES;
				CLANG_WARN_ENUM_CONVERSION = YES;
				CLANG_WARN_INFINITE_RECURSION = YES;
				CLANG_WARN_INT_CONVERSION = YES;
				CLANG_WARN_NON_LITERAL_NULL_CONVERSION = YES;
				CLANG_WARN_OBJC_IMPLICIT_RETAIN_SELF = YES;
				CLANG_WARN_OBJC_LITERAL_CONVERSION = YES;
				CLANG_WARN_OBJC_ROOT_CLASS = YES_ERROR;
				CLANG_WARN_RANGE_LOOP_ANALYSIS = YES;
				CLANG_WARN_STRICT_PROTOTYPES = YES;
				CLANG_WARN_SUSPICIOUS_MOVE = YES;
				CLANG_WARN_UNGUARDED_AVAILABILITY = YES_AGGRESSIVE;
				CLANG_WARN_UNREACHABLE_CODE = YES;
				CLANG_WARN__DUPLICATE_METHOD_MATCH = YES;
				COPY_PHASE_STRIP = NO;
				DEBUG_INFORMATION_FORMAT = dwarf;
				ENABLE_STRICT_OBJC_MSGSEND = YES;
				ENABLE_TESTABILITY = YES;
				GCC_C_LANGUAGE_STANDARD = gnu11;
				GCC_DYNAMIC_NO_PIC = NO;
				GCC_NO_COMMON_BLOCKS = YES;
				GCC_OPTIMIZATION_LEVEL = 0;
				GCC_PREPROCESSOR_DEFINITIONS = (
					"DEBUG=1",
					"$(inherited)",
				);
				GCC_WARN_64_TO_32_BIT_CONVERSION = YES;
				GCC_WARN_ABOUT_RETURN_TYPE = YES_ERROR;
				GCC_WARN_UNDECLARED_SELECTOR = YES;
				GCC_WARN_UNINITIALIZED_AUTOS = YES_AGGRESSIVE;
				GCC_WARN_UNUSED_FUNCTION = YES;
				GCC_WARN_UNUSED_VARIABLE = YES;
				IPHONEOS_DEPLOYMENT_TARGET = 13.5;
				MTL_ENABLE_DEBUG_INFO = INCLUDE_SOURCE;
				MTL_FAST_MATH = YES;
				ONLY_ACTIVE_ARCH = YES;
				SDKROOT = iphoneos;
				SWIFT_ACTIVE_COMPILATION_CONDITIONS = DEBUG;
				SWIFT_OPTIMIZATION_LEVEL = "-Onone";
			};
			name = Debug;
		};
		9FC0E7D724F573A4005ADE7F /* Release */ = {
			isa = XCBuildConfiguration;
			buildSettings = {
				ALWAYS_SEARCH_USER_PATHS = NO;
				CLANG_ANALYZER_NONNULL = YES;
				CLANG_ANALYZER_NUMBER_OBJECT_CONVERSION = YES_AGGRESSIVE;
				CLANG_CXX_LANGUAGE_STANDARD = "gnu++14";
				CLANG_CXX_LIBRARY = "libc++";
				CLANG_ENABLE_MODULES = YES;
				CLANG_ENABLE_OBJC_ARC = YES;
				CLANG_ENABLE_OBJC_WEAK = YES;
				CLANG_WARN_BLOCK_CAPTURE_AUTORELEASING = YES;
				CLANG_WARN_BOOL_CONVERSION = YES;
				CLANG_WARN_COMMA = YES;
				CLANG_WARN_CONSTANT_CONVERSION = YES;
				CLANG_WARN_DEPRECATED_OBJC_IMPLEMENTATIONS = YES;
				CLANG_WARN_DIRECT_OBJC_ISA_USAGE = YES_ERROR;
				CLANG_WARN_DOCUMENTATION_COMMENTS = YES;
				CLANG_WARN_EMPTY_BODY = YES;
				CLANG_WARN_ENUM_CONVERSION = YES;
				CLANG_WARN_INFINITE_RECURSION = YES;
				CLANG_WARN_INT_CONVERSION = YES;
				CLANG_WARN_NON_LITERAL_NULL_CONVERSION = YES;
				CLANG_WARN_OBJC_IMPLICIT_RETAIN_SELF = YES;
				CLANG_WARN_OBJC_LITERAL_CONVERSION = YES;
				CLANG_WARN_OBJC_ROOT_CLASS = YES_ERROR;
				CLANG_WARN_RANGE_LOOP_ANALYSIS = YES;
				CLANG_WARN_STRICT_PROTOTYPES = YES;
				CLANG_WARN_SUSPICIOUS_MOVE = YES;
				CLANG_WARN_UNGUARDED_AVAILABILITY = YES_AGGRESSIVE;
				CLANG_WARN_UNREACHABLE_CODE = YES;
				CLANG_WARN__DUPLICATE_METHOD_MATCH = YES;
				COPY_PHASE_STRIP = NO;
				DEBUG_INFORMATION_FORMAT = "dwarf-with-dsym";
				ENABLE_NS_ASSERTIONS = NO;
				ENABLE_STRICT_OBJC_MSGSEND = YES;
				GCC_C_LANGUAGE_STANDARD = gnu11;
				GCC_NO_COMMON_BLOCKS = YES;
				GCC_WARN_64_TO_32_BIT_CONVERSION = YES;
				GCC_WARN_ABOUT_RETURN_TYPE = YES_ERROR;
				GCC_WARN_UNDECLARED_SELECTOR = YES;
				GCC_WARN_UNINITIALIZED_AUTOS = YES_AGGRESSIVE;
				GCC_WARN_UNUSED_FUNCTION = YES;
				GCC_WARN_UNUSED_VARIABLE = YES;
				IPHONEOS_DEPLOYMENT_TARGET = 13.5;
				MTL_ENABLE_DEBUG_INFO = NO;
				MTL_FAST_MATH = YES;
				SDKROOT = iphoneos;
				SWIFT_COMPILATION_MODE = wholemodule;
				SWIFT_OPTIMIZATION_LEVEL = "-O";
				VALIDATE_PRODUCT = YES;
			};
			name = Release;
		};
		9FC0E7D924F573A4005ADE7F /* Debug */ = {
			isa = XCBuildConfiguration;
			buildSettings = {
				ASSETCATALOG_COMPILER_APPICON_NAME = AppIcon;
				CODE_SIGN_STYLE = Automatic;
				INFOPLIST_FILE = SlideshowApp/Info.plist;
				LD_RUNPATH_SEARCH_PATHS = (
					"$(inherited)",
					"@executable_path/Frameworks",
				);
				PRODUCT_BUNDLE_IDENTIFIER = jp.techacademy.Yuki.Hosomi.SlideshowApp;
				PRODUCT_NAME = "$(TARGET_NAME)";
				SWIFT_VERSION = 5.0;
				TARGETED_DEVICE_FAMILY = "1,2";
			};
			name = Debug;
		};
		9FC0E7DA24F573A4005ADE7F /* Release */ = {
			isa = XCBuildConfiguration;
			buildSettings = {
				ASSETCATALOG_COMPILER_APPICON_NAME = AppIcon;
				CODE_SIGN_STYLE = Automatic;
				INFOPLIST_FILE = SlideshowApp/Info.plist;
				LD_RUNPATH_SEARCH_PATHS = (
					"$(inherited)",
					"@executable_path/Frameworks",
				);
				PRODUCT_BUNDLE_IDENTIFIER = jp.techacademy.Yuki.Hosomi.SlideshowApp;
				PRODUCT_NAME = "$(TARGET_NAME)";
				SWIFT_VERSION = 5.0;
				TARGETED_DEVICE_FAMILY = "1,2";
			};
			name = Release;
		};
/* End XCBuildConfiguration section */

/* Begin XCConfigurationList section */
		9FC0E7BF24F573A3005ADE7F /* Build configuration list for PBXProject "SlideshowApp" */ = {
			isa = XCConfigurationList;
			buildConfigurations = (
				9FC0E7D624F573A4005ADE7F /* Debug */,
				9FC0E7D724F573A4005ADE7F /* Release */,
			);
			defaultConfigurationIsVisible = 0;
			defaultConfigurationName = Release;
		};
		9FC0E7D824F573A4005ADE7F /* Build configuration list for PBXNativeTarget "SlideshowApp" */ = {
			isa = XCConfigurationList;
			buildConfigurations = (
				9FC0E7D924F573A4005ADE7F /* Debug */,
				9FC0E7DA24F573A4005ADE7F /* Release */,
			);
			defaultConfigurationIsVisible = 0;
			defaultConfigurationName = Release;
		};
/* End XCConfigurationList section */
	};
	rootObject = 9FC0E7BC24F573A3005ADE7F /* Project object */;
}
